lockfileVersion: '9.0'

settings:
  autoInstallPeers: true
  excludeLinksFromLockfile: false

importers:

  .:
    dependencies:
      '@huggingface/inference':
        specifier: ^3.3.6
        version: 3.3.6
      '@types/node':
        specifier: ^22.13.5
        version: 22.13.5
      dotenv:
        specifier: ^16.4.7
        version: 16.4.7
      typescript:
        specifier: ^5.7.3
        version: 5.7.3
    devDependencies:
      '@types/dotenv':
        specifier: ^8.2.3
        version: 8.2.3

packages:

  '@huggingface/inference@3.3.6':
    resolution: {integrity: sha512-KmjUbIiqPEysIEvSJKD2Uw0B+xBbs93Gfq0tTXDOL+7NJW7MBaromk01Mu7ZHzGLxVe/KI3WLcMYPB06nozb3w==}
    engines: {node: '>=18'}

  '@huggingface/tasks@0.16.1':
    resolution: {integrity: sha512-gH/LK7QIvyGYgycs9VIuZlCG0xqZEpb5wFR34Pocx6xRgS9iANu5moPxcUsR4QI8KEN7ApRGmgfJrqRJ7ijGxQ==}

  '@types/dotenv@8.2.3':
    resolution: {integrity: sha512-g2FXjlDX/cYuc5CiQvyU/6kkbP1JtmGzh0obW50zD7OKeILVL0NSpPWLXVfqoAGQjom2/SLLx9zHq0KXvD6mbw==}
    deprecated: This is a stub types definition. dotenv provides its own type definitions, so you do not need this installed.

  '@types/node@22.13.5':
    resolution: {integrity: sha512-+lTU0PxZXn0Dr1NBtC7Y8cR21AJr87dLLU953CWA6pMxxv/UDc7jYAY90upcrie1nRcD6XNG5HOYEDtgW5TxAg==}

  dotenv@16.4.7:
    resolution: {integrity: sha512-47qPchRCykZC03FhkYAhrvwU4xDBFIj1QPqaarj6mdM/hgUzfPHcpkHJOn3mJAufFeeAxAzeGsr5X0M4k6fLZQ==}
    engines: {node: '>=12'}

  typescript@5.7.3:
    resolution: {integrity: sha512-84MVSjMEHP+FQRPy3pX9sTVV/INIex71s9TL2Gm5FG/WG1SqXeKyZ0k7/blY/4FdOzI12CBy1vGc4og/eus0fw==}
    engines: {node: '>=14.17'}
    hasBin: true

  undici-types@6.20.0:
    resolution: {integrity: sha512-Ny6QZ2Nju20vw1SRHe3d9jVu6gJ+4e3+MMpqu7pqE5HT6WsTSlce++GQmK5UXS8mzV8DSYHrQH+Xrf2jVcuKNg==}

snapshots:

  '@huggingface/inference@3.3.6':
    dependencies:
      '@huggingface/tasks': 0.16.1

  '@huggingface/tasks@0.16.1': {}

  '@types/dotenv@8.2.3':
    dependencies:
      dotenv: 16.4.7

  '@types/node@22.13.5':
    dependencies:
      undici-types: 6.20.0

  dotenv@16.4.7: {}

  typescript@5.7.3: {}

  undici-types@6.20.0: {}
